// !$*UTF8*$!
{
	archiveVersion = 1;
	classes = {
	};
	objectVersion = 77;
	objects = {

/* Begin PBXBuildFile section */
		4216D2CE713DAAF82DDC7418 /* OCRService.swift in Sources */ = {isa = PBXBuildFile; fileRef = 88E98A5F9AEB0EA1C84D253B /* OCRService.swift */; };
		5D63DE163883EBE461631663 /* OverlayPanel.swift in Sources */ = {isa = PBXBuildFile; fileRef = 5AF75308A485D774F8E36D47 /* OverlayPanel.swift */; };
		6C7D0808F35D58B21FB5FE87 /* ScreenCapture.swift in Sources */ = {isa = PBXBuildFile; fileRef = 1629E3DAD871D7699C7617DE /* ScreenCapture.swift */; };
		6F11FCE92B6D1361F8E0536F /* TranslateScreenIntent.swift in Sources */ = {isa = PBXBuildFile; fileRef = 826A8395FCA141E8909515B0 /* TranslateScreenIntent.swift */; };
		7DE4193864B4BF37FB3CD8D1 /* Log.swift in Sources */ = {isa = PBXBuildFile; fileRef = FBA15465E005D6EA222B2123 /* Log.swift */; };
		B5582DE5641CA4D971E9DE4D /* ScreenTranslateApp.swift in Sources */ = {isa = PBXBuildFile; fileRef = F4CDFF25A895C96BC30B6054 /* ScreenTranslateApp.swift */; };
/* End PBXBuildFile section */

/* Begin PBXFileReference section */
		1629E3DAD871D7699C7617DE /* ScreenCapture.swift */ = {isa = PBXFileReference; lastKnownFileType = sourcecode.swift; path = ScreenCapture.swift; sourceTree = "<group>"; };
		5AF75308A485D774F8E36D47 /* OverlayPanel.swift */ = {isa = PBXFileReference; lastKnownFileType = sourcecode.swift; path = OverlayPanel.swift; sourceTree = "<group>"; };
		826A8395FCA141E8909515B0 /* TranslateScreenIntent.swift */ = {isa = PBXFileReference; lastKnownFileType = sourcecode.swift; path = TranslateScreenIntent.swift; sourceTree = "<group>"; };
		88E98A5F9AEB0EA1C84D253B /* OCRService.swift */ = {isa = PBXFileReference; lastKnownFileType = sourcecode.swift; path = OCRService.swift; sourceTree = "<group>"; };
		D90DAA145B07D1DB545C1865 /* ScreenTranslate.app */ = {isa = PBXFileReference; explicitFileType = wrapper.application; includeInIndex = 0; path = ScreenTranslate.app; sourceTree = BUILT_PRODUCTS_DIR; };
		F4CDFF25A895C96BC30B6054 /* ScreenTranslateApp.swift */ = {isa = PBXFileReference; lastKnownFileType = sourcecode.swift; path = ScreenTranslateApp.swift; sourceTree = "<group>"; };
		FBA15465E005D6EA222B2123 /* Log.swift */ = {isa = PBXFileReference; lastKnownFileType = sourcecode.swift; path = Log.swift; sourceTree = "<group>"; };
/* End PBXFileReference section */

/* Begin PBXGroup section */
		1BC3369CF82A5C67DDD3F517 = {
			isa = PBXGroup;
			children = (
				FE0A77BC2982C9AC200EBFB2 /* ScreenTranslate */,
				2A2FD68E9821584FC73C19C2 /* Products */,
			);
			sourceTree = "<group>";
		};
		2A2FD68E9821584FC73C19C2 /* Products */ = {
			isa = PBXGroup;
			children = (
				D90DAA145B07D1DB545C1865 /* ScreenTranslate.app */,
			);
			name = Products;
			sourceTree = "<group>";
		};
		FE0A77BC2982C9AC200EBFB2 /* ScreenTranslate */ = {
			isa = PBXGroup;
			children = (
				FBA15465E005D6EA222B2123 /* Log.swift */,
				88E98A5F9AEB0EA1C84D253B /* OCRService.swift */,
				5AF75308A485D774F8E36D47 /* OverlayPanel.swift */,
				1629E3DAD871D7699C7617DE /* ScreenCapture.swift */,
				F4CDFF25A895C96BC30B6054 /* ScreenTranslateApp.swift */,
				826A8395FCA141E8909515B0 /* TranslateScreenIntent.swift */,
			);
			name = ScreenTranslate;
			path = Sources/ScreenTranslate;
			sourceTree = "<group>";
		};
/* End PBXGroup section */

/* Begin PBXNativeTarget section */
		D0BE49C6AFF122BD05EAA19E /* ScreenTranslate */ = {
			isa = PBXNativeTarget;
			buildConfigurationList = 7AA8DA346CD905059FDD1404 /* Build configuration list for PBXNativeTarget "ScreenTranslate" */;
			buildPhases = (
				F760BF8E7066EC08E505B45D /* Sources */,
			);
			buildRules = (
			);
			dependencies = (
			);
			name = ScreenTranslate;
			packageProductDependencies = (
			);
			productName = ScreenTranslate;
			productReference = D90DAA145B07D1DB545C1865 /* ScreenTranslate.app */;
			productType = "com.apple.product-type.application";
		};
/* End PBXNativeTarget section */

/* Begin PBXProject section */
		0C6F7C54FFD6A3762888C083 /* Project object */ = {
			isa = PBXProject;
			attributes = {
				BuildIndependentTargetsInParallel = YES;
				LastUpgradeCheck = 1430;
				TargetAttributes = {
					D0BE49C6AFF122BD05EAA19E = {
						DevelopmentTeam = "";
						ProvisioningStyle = Automatic;
					};
				};
			};
			buildConfigurationList = 62ED53CD54130AA76118C12F /* Build configuration list for PBXProject "ScreenTranslate" */;
			developmentRegion = en;
			hasScannedForEncodings = 0;
			knownRegions = (
				Base,
				en,
			);
			mainGroup = 1BC3369CF82A5C67DDD3F517;
			minimizedProjectReferenceProxies = 1;
			preferredProjectObjectVersion = 77;
			productRefGroup = 2A2FD68E9821584FC73C19C2 /* Products */;
			projectDirPath = "";
			projectRoot = "";
			targets = (
				D0BE49C6AFF122BD05EAA19E /* ScreenTranslate */,
			);
		};
/* End PBXProject section */

/* Begin PBXSourcesBuildPhase section */
		F760BF8E7066EC08E505B45D /* Sources */ = {
			isa = PBXSourcesBuildPhase;
			buildActionMask = 2147483647;
			files = (
				7DE4193864B4BF37FB3CD8D1 /* Log.swift in Sources */,
				4216D2CE713DAAF82DDC7418 /* OCRService.swift in Sources */,
				5D63DE163883EBE461631663 /* OverlayPanel.swift in Sources */,
				6C7D0808F35D58B21FB5FE87 /* ScreenCapture.swift in Sources */,
				B5582DE5641CA4D971E9DE4D /* ScreenTranslateApp.swift in Sources */,
				6F11FCE92B6D1361F8E0536F /* TranslateScreenIntent.swift in Sources */,
			);
			runOnlyForDeploymentPostprocessing = 0;
		};
/* End PBXSourcesBuildPhase section */

/* Begin XCBuildConfiguration section */
		0A4BC3D030545C476F97A747 /* Release */ = {
			isa = XCBuildConfiguration;
			buildSettings = {
				ASSETCATALOG_COMPILER_APPICON_NAME = AppIcon;
				CODE_SIGN_ENTITLEMENTS = ScreenTranslate.entitlements;
				CODE_SIGN_STYLE = Automatic;
				COMBINE_HIDPI_IMAGES = YES;
				DEVELOPMENT_TEAM = "";
				ENABLE_HARDENED_RUNTIME = YES;
				INFOPLIST_FILE = Sources/ScreenTranslate/Info.plist;
				LD_RUNPATH_SEARCH_PATHS = (
					"$(inherited)",
					"@executable_path/../Frameworks",
				);
				MACOSX_DEPLOYMENT_TARGET = 15.0;
				PRODUCT_BUNDLE_IDENTIFIER = com.dakshil.ScreenTranslate;
				SDKROOT = macosx;
				SWIFT_VERSION = 5.0;
			};
			name = Release;
		};
		22610CE9623E96F0E065A7A4 /* Release */ = {
			isa = XCBuildConfiguration;
			buildSettings = {
				ALWAYS_SEARCH_USER_PATHS = NO;
				CLANG_ANALYZER_NONNULL = YES;
				CLANG_ANALYZER_NUMBER_OBJECT_CONVERSION = YES_AGGRESSIVE;
				CLANG_CXX_LANGUAGE_STANDARD = "gnu++14";
				CLANG_CXX_LIBRARY = "libc++";
				CLANG_ENABLE_MODULES = YES;
				CLANG_ENABLE_OBJC_ARC = YES;
				CLANG_ENABLE_OBJC_WEAK = YES;
				CLANG_WARN_BLOCK_CAPTURE_AUTORELEASING = YES;
				CLANG_WARN_BOOL_CONVERSION = YES;
				CLANG_WARN_COMMA = YES;
				CLANG_WARN_CONSTANT_CONVERSION = YES;
				CLANG_WARN_DEPRECATED_OBJC_IMPLEMENTATIONS = YES;
				CLANG_WARN_DIRECT_OBJC_ISA_USAGE = YES_ERROR;
				CLANG_WARN_DOCUMENTATION_COMMENTS = YES;
				CLANG_WARN_EMPTY_BODY = YES;
				CLANG_WARN_ENUM_CONVERSION = YES;
				CLANG_WARN_INFINITE_RECURSION = YES;
				CLANG_WARN_INT_CONVERSION = YES;
				CLANG_WARN_NON_LITERAL_NULL_CONVERSION = YES;
				CLANG_WARN_OBJC_IMPLICIT_RETAIN_SELF = YES;
				CLANG_WARN_OBJC_LITERAL_CONVERSION = YES;
				CLANG_WARN_OBJC_ROOT_CLASS = YES_ERROR;
				CLANG_WARN_QUOTED_INCLUDE_IN_FRAMEWORK_HEADER = YES;
				CLANG_WARN_RANGE_LOOP_ANALYSIS = YES;
				CLANG_WARN_STRICT_PROTOTYPES = YES;
				CLANG_WARN_SUSPICIOUS_MOVE = YES;
				CLANG_WARN_UNGUARDED_AVAILABILITY = YES_AGGRESSIVE;
				CLANG_WARN_UNREACHABLE_CODE = YES;
				CLANG_WARN__DUPLICATE_METHOD_MATCH = YES;
				COPY_PHASE_STRIP = NO;
				CURRENT_PROJECT_VERSION = 1;
				DEBUG_INFORMATION_FORMAT = "dwarf-with-dsym";
				ENABLE_NS_ASSERTIONS = NO;
				ENABLE_STRICT_OBJC_MSGSEND = YES;
				GCC_C_LANGUAGE_STANDARD = gnu11;
				GCC_NO_COMMON_BLOCKS = YES;
				GCC_WARN_64_TO_32_BIT_CONVERSION = YES;
				GCC_WARN_ABOUT_RETURN_TYPE = YES_ERROR;
				GCC_WARN_UNDECLARED_SELECTOR = YES;
				GCC_WARN_UNINITIALIZED_AUTOS = YES_AGGRESSIVE;
				GCC_WARN_UNUSED_FUNCTION = YES;
				GCC_WARN_UNUSED_VARIABLE = YES;
				MACOSX_DEPLOYMENT_TARGET = 15.0;
				MARKETING_VERSION = 1.0;
				MTL_ENABLE_DEBUG_INFO = NO;
				MTL_FAST_MATH = YES;
				PRODUCT_NAME = "$(TARGET_NAME)";
				SDKROOT = macosx;
				SWIFT_COMPILATION_MODE = wholemodule;
				SWIFT_OPTIMIZATION_LEVEL = "-O";
				SWIFT_VERSION = 5.0;
			};
			name = Release;
		};
		A247670C811DA1BD879E2AA4 /* Debug */ = {
			isa = XCBuildConfiguration;
			buildSettings = {
				ALWAYS_SEARCH_USER_PATHS = NO;
				CLANG_ANALYZER_NONNULL = YES;
				CLANG_ANALYZER_NUMBER_OBJECT_CONVERSION = YES_AGGRESSIVE;
				CLANG_CXX_LANGUAGE_STANDARD = "gnu++14";
				CLANG_CXX_LIBRARY = "libc++";
				CLANG_ENABLE_MODULES = YES;
				CLANG_ENABLE_OBJC_ARC = YES;
				CLANG_ENABLE_OBJC_WEAK = YES;
				CLANG_WARN_BLOCK_CAPTURE_AUTORELEASING = YES;
				CLANG_WARN_BOOL_CONVERSION = YES;
				CLANG_WARN_COMMA = YES;
				CLANG_WARN_CONSTANT_CONVERSION = YES;
				CLANG_WARN_DEPRECATED_OBJC_IMPLEMENTATIONS = YES;
				CLANG_WARN_DIRECT_OBJC_ISA_USAGE = YES_ERROR;
				CLANG_WARN_DOCUMENTATION_COMMENTS = YES;
				CLANG_WARN_EMPTY_BODY = YES;
				CLANG_WARN_ENUM_CONVERSION = YES;
				CLANG_WARN_INFINITE_RECURSION = YES;
				CLANG_WARN_INT_CONVERSION = YES;
				CLANG_WARN_NON_LITERAL_NULL_CONVERSION = YES;
				CLANG_WARN_OBJC_IMPLICIT_RETAIN_SELF = YES;
				CLANG_WARN_OBJC_LITERAL_CONVERSION = YES;
				CLANG_WARN_OBJC_ROOT_CLASS = YES_ERROR;
				CLANG_WARN_QUOTED_INCLUDE_IN_FRAMEWORK_HEADER = YES;
				CLANG_WARN_RANGE_LOOP_ANALYSIS = YES;
				CLANG_WARN_STRICT_PROTOTYPES = YES;
				CLANG_WARN_SUSPICIOUS_MOVE = YES;
				CLANG_WARN_UNGUARDED_AVAILABILITY = YES_AGGRESSIVE;
				CLANG_WARN_UNREACHABLE_CODE = YES;
				CLANG_WARN__DUPLICATE_METHOD_MATCH = YES;
				COPY_PHASE_STRIP = NO;
				CURRENT_PROJECT_VERSION = 1;
				DEBUG_INFORMATION_FORMAT = dwarf;
				ENABLE_STRICT_OBJC_MSGSEND = YES;
				ENABLE_TESTABILITY = YES;
				GCC_C_LANGUAGE_STANDARD = gnu11;
				GCC_DYNAMIC_NO_PIC = NO;
				GCC_NO_COMMON_BLOCKS = YES;
				GCC_OPTIMIZATION_LEVEL = 0;
				GCC_PREPROCESSOR_DEFINITIONS = (
					"$(inherited)",
					"DEBUG=1",
				);
				GCC_WARN_64_TO_32_BIT_CONVERSION = YES;
				GCC_WARN_ABOUT_RETURN_TYPE = YES_ERROR;
				GCC_WARN_UNDECLARED_SELECTOR = YES;
				GCC_WARN_UNINITIALIZED_AUTOS = YES_AGGRESSIVE;
				GCC_WARN_UNUSED_FUNCTION = YES;
				GCC_WARN_UNUSED_VARIABLE = YES;
				MACOSX_DEPLOYMENT_TARGET = 15.0;
				MARKETING_VERSION = 1.0;
				MTL_ENABLE_DEBUG_INFO = INCLUDE_SOURCE;
				MTL_FAST_MATH = YES;
				ONLY_ACTIVE_ARCH = YES;
				PRODUCT_NAME = "$(TARGET_NAME)";
				SDKROOT = macosx;
				SWIFT_ACTIVE_COMPILATION_CONDITIONS = DEBUG;
				SWIFT_OPTIMIZATION_LEVEL = "-Onone";
				SWIFT_VERSION = 5.0;
			};
			name = Debug;
		};
		D614313C67107B267B2F8989 /* Debug */ = {
			isa = XCBuildConfiguration;
			buildSettings = {
				ASSETCATALOG_COMPILER_APPICON_NAME = AppIcon;
				CODE_SIGN_ENTITLEMENTS = ScreenTranslate.entitlements;
				CODE_SIGN_STYLE = Automatic;
				COMBINE_HIDPI_IMAGES = YES;
				DEVELOPMENT_TEAM = "";
				ENABLE_HARDENED_RUNTIME = YES;
				INFOPLIST_FILE = Sources/ScreenTranslate/Info.plist;
				LD_RUNPATH_SEARCH_PATHS = (
					"$(inherited)",
					"@executable_path/../Frameworks",
				);
				MACOSX_DEPLOYMENT_TARGET = 15.0;
				PRODUCT_BUNDLE_IDENTIFIER = com.dakshil.ScreenTranslate;
				SDKROOT = macosx;
				SWIFT_VERSION = 5.0;
			};
			name = Debug;
		};
/* End XCBuildConfiguration section */

/* Begin XCConfigurationList section */
		62ED53CD54130AA76118C12F /* Build configuration list for PBXProject "ScreenTranslate" */ = {
			isa = XCConfigurationList;
			buildConfigurations = (
				A247670C811DA1BD879E2AA4 /* Debug */,
				22610CE9623E96F0E065A7A4 /* Release */,
			);
			defaultConfigurationIsVisible = 0;
			defaultConfigurationName = Debug;
		};
		7AA8DA346CD905059FDD1404 /* Build configuration list for PBXNativeTarget "ScreenTranslate" */ = {
			isa = XCConfigurationList;
			buildConfigurations = (
				D614313C67107B267B2F8989 /* Debug */,
				0A4BC3D030545C476F97A747 /* Release */,
			);
			defaultConfigurationIsVisible = 0;
			defaultConfigurationName = Debug;
		};
/* End XCConfigurationList section */
	};
	rootObject = 0C6F7C54FFD6A3762888C083 /* Project object */;
}
